// !$*UTF8*$!
{
	archiveVersion = 1;
	classes = {
	};
	objectVersion = 56;
	objects = {

/* Begin PBXBuildFile section */
		CE53D8212C56DBC500ED49EF /* AuthUserNameView.swift in Sources */ = {isa = PBXBuildFile; fileRef = CE53D8202C56DBC500ED49EF /* AuthUserNameView.swift */; };
		CE53D8252C56DBF300ED49EF /* AuthPasswordView.swift in Sources */ = {isa = PBXBuildFile; fileRef = CE53D8242C56DBF300ED49EF /* AuthPasswordView.swift */; };
		CE53D8292C56F74800ED49EF /* GrowingButtonStyle.swift in Sources */ = {isa = PBXBuildFile; fileRef = CE53D8282C56F74800ED49EF /* GrowingButtonStyle.swift */; };
		CE6E4B962C56A57200C83BB1 /* ChatMeApp.swift in Sources */ = {isa = PBXBuildFile; fileRef = CE6E4B952C56A57200C83BB1 /* ChatMeApp.swift */; };
		CE6E4B982C56A57200C83BB1 /* ContentView.swift in Sources */ = {isa = PBXBuildFile; fileRef = CE6E4B972C56A57200C83BB1 /* ContentView.swift */; };
		CE6E4B9A2C56A57300C83BB1 /* Assets.xcassets in Resources */ = {isa = PBXBuildFile; fileRef = CE6E4B992C56A57300C83BB1 /* Assets.xcassets */; };
		CE6E4B9D2C56A57300C83BB1 /* Preview Assets.xcassets in Resources */ = {isa = PBXBuildFile; fileRef = CE6E4B9C2C56A57300C83BB1 /* Preview Assets.xcassets */; };
		CE6E4BA62C56AB5C00C83BB1 /* AuthView.swift in Sources */ = {isa = PBXBuildFile; fileRef = CE6E4BA52C56AB5C00C83BB1 /* AuthView.swift */; };
		CE6E4BA82C56AB8500C83BB1 /* BackgroundView.swift in Sources */ = {isa = PBXBuildFile; fileRef = CE6E4BA72C56AB8500C83BB1 /* BackgroundView.swift */; };
		CE6E4BAA2C56B45E00C83BB1 /* AuthViewModel.swift in Sources */ = {isa = PBXBuildFile; fileRef = CE6E4BA92C56B45E00C83BB1 /* AuthViewModel.swift */; };
		CE6E4BAC2C56BCD900C83BB1 /* AuthTextFieldViewModifier.swift in Sources */ = {isa = PBXBuildFile; fileRef = CE6E4BAB2C56BCD900C83BB1 /* AuthTextFieldViewModifier.swift */; };
/* End PBXBuildFile section */

/* Begin PBXFileReference section */
		CE53D8202C56DBC500ED49EF /* AuthUserNameView.swift */ = {isa = PBXFileReference; lastKnownFileType = sourcecode.swift; path = AuthUserNameView.swift; sourceTree = "<group>"; };
		CE53D8242C56DBF300ED49EF /* AuthPasswordView.swift */ = {isa = PBXFileReference; lastKnownFileType = sourcecode.swift; path = AuthPasswordView.swift; sourceTree = "<group>"; };
		CE53D8282C56F74800ED49EF /* GrowingButtonStyle.swift */ = {isa = PBXFileReference; lastKnownFileType = sourcecode.swift; path = GrowingButtonStyle.swift; sourceTree = "<group>"; };
		CE6E4B922C56A57200C83BB1 /* ChatMe.app */ = {isa = PBXFileReference; explicitFileType = wrapper.application; includeInIndex = 0; path = ChatMe.app; sourceTree = BUILT_PRODUCTS_DIR; };
		CE6E4B952C56A57200C83BB1 /* ChatMeApp.swift */ = {isa = PBXFileReference; lastKnownFileType = sourcecode.swift; path = ChatMeApp.swift; sourceTree = "<group>"; };
		CE6E4B972C56A57200C83BB1 /* ContentView.swift */ = {isa = PBXFileReference; lastKnownFileType = sourcecode.swift; path = ContentView.swift; sourceTree = "<group>"; };
		CE6E4B992C56A57300C83BB1 /* Assets.xcassets */ = {isa = PBXFileReference; lastKnownFileType = folder.assetcatalog; path = Assets.xcassets; sourceTree = "<group>"; };
		CE6E4B9C2C56A57300C83BB1 /* Preview Assets.xcassets */ = {isa = PBXFileReference; lastKnownFileType = folder.assetcatalog; path = "Preview Assets.xcassets"; sourceTree = "<group>"; };
		CE6E4BA52C56AB5C00C83BB1 /* AuthView.swift */ = {isa = PBXFileReference; lastKnownFileType = sourcecode.swift; path = AuthView.swift; sourceTree = "<group>"; };
		CE6E4BA72C56AB8500C83BB1 /* BackgroundView.swift */ = {isa = PBXFileReference; lastKnownFileType = sourcecode.swift; path = BackgroundView.swift; sourceTree = "<group>"; };
		CE6E4BA92C56B45E00C83BB1 /* AuthViewModel.swift */ = {isa = PBXFileReference; lastKnownFileType = sourcecode.swift; path = AuthViewModel.swift; sourceTree = "<group>"; };
		CE6E4BAB2C56BCD900C83BB1 /* AuthTextFieldViewModifier.swift */ = {isa = PBXFileReference; lastKnownFileType = sourcecode.swift; path = AuthTextFieldViewModifier.swift; sourceTree = "<group>"; };
/* End PBXFileReference section */

/* Begin PBXFrameworksBuildPhase section */
		CE6E4B8F2C56A57200C83BB1 /* Frameworks */ = {
			isa = PBXFrameworksBuildPhase;
			buildActionMask = 2147483647;
			files = (
			);
			runOnlyForDeploymentPostprocessing = 0;
		};
/* End PBXFrameworksBuildPhase section */

/* Begin PBXGroup section */
		CE53D81F2C56DB8F00ED49EF /* Elements */ = {
			isa = PBXGroup;
			children = (
				CE53D8202C56DBC500ED49EF /* AuthUserNameView.swift */,
				CE53D8242C56DBF300ED49EF /* AuthPasswordView.swift */,
				CE6E4BAB2C56BCD900C83BB1 /* AuthTextFieldViewModifier.swift */,
				CE53D8282C56F74800ED49EF /* GrowingButtonStyle.swift */,
			);
			path = Elements;
			sourceTree = "<group>";
		};
		CE6E4B892C56A57200C83BB1 = {
			isa = PBXGroup;
			children = (
				CE6E4B942C56A57200C83BB1 /* ChatMe */,
				CE6E4B932C56A57200C83BB1 /* Products */,
			);
			sourceTree = "<group>";
		};
		CE6E4B932C56A57200C83BB1 /* Products */ = {
			isa = PBXGroup;
			children = (
				CE6E4B922C56A57200C83BB1 /* ChatMe.app */,
			);
			name = Products;
			sourceTree = "<group>";
		};
		CE6E4B942C56A57200C83BB1 /* ChatMe */ = {
			isa = PBXGroup;
			children = (
				CE6E4BA32C56AB0700C83BB1 /* Views */,
				CE6E4B952C56A57200C83BB1 /* ChatMeApp.swift */,
				CE6E4B972C56A57200C83BB1 /* ContentView.swift */,
				CE6E4B992C56A57300C83BB1 /* Assets.xcassets */,
				CE6E4B9B2C56A57300C83BB1 /* Preview Content */,
			);
			path = ChatMe;
			sourceTree = "<group>";
		};
		CE6E4B9B2C56A57300C83BB1 /* Preview Content */ = {
			isa = PBXGroup;
			children = (
				CE6E4B9C2C56A57300C83BB1 /* Preview Assets.xcassets */,
			);
			path = "Preview Content";
			sourceTree = "<group>";
		};
		CE6E4BA32C56AB0700C83BB1 /* Views */ = {
			isa = PBXGroup;
			children = (
				CE6E4BA42C56AB1C00C83BB1 /* AuthView */,
				CE6E4BA72C56AB8500C83BB1 /* BackgroundView.swift */,
			);
			path = Views;
			sourceTree = "<group>";
		};
		CE6E4BA42C56AB1C00C83BB1 /* AuthView */ = {
			isa = PBXGroup;
			children = (
				CE6E4BA52C56AB5C00C83BB1 /* AuthView.swift */,
				CE6E4BA92C56B45E00C83BB1 /* AuthViewModel.swift */,
				CE53D81F2C56DB8F00ED49EF /* Elements */,
			);
			path = AuthView;
			sourceTree = "<group>";
		};
/* End PBXGroup section */

/* Begin PBXNativeTarget section */
		CE6E4B912C56A57200C83BB1 /* ChatMe */ = {
			isa = PBXNativeTarget;
			buildConfigurationList = CE6E4BA02C56A57300C83BB1 /* Build configuration list for PBXNativeTarget "ChatMe" */;
			buildPhases = (
				CE6E4B8E2C56A57200C83BB1 /* Sources */,
				CE6E4B8F2C56A57200C83BB1 /* Frameworks */,
				CE6E4B902C56A57200C83BB1 /* Resources */,
			);
			buildRules = (
			);
			dependencies = (
			);
			name = ChatMe;
			productName = ChatMe;
			productReference = CE6E4B922C56A57200C83BB1 /* ChatMe.app */;
			productType = "com.apple.product-type.application";
		};
/* End PBXNativeTarget section */

/* Begin PBXProject section */
		CE6E4B8A2C56A57200C83BB1 /* Project object */ = {
			isa = PBXProject;
			attributes = {
				BuildIndependentTargetsInParallel = 1;
				LastSwiftUpdateCheck = 1540;
				LastUpgradeCheck = 1540;
				TargetAttributes = {
					CE6E4B912C56A57200C83BB1 = {
						CreatedOnToolsVersion = 15.4;
					};
				};
			};
			buildConfigurationList = CE6E4B8D2C56A57200C83BB1 /* Build configuration list for PBXProject "ChatMe" */;
			compatibilityVersion = "Xcode 14.0";
			developmentRegion = en;
			hasScannedForEncodings = 0;
			knownRegions = (
				en,
				Base,
			);
			mainGroup = CE6E4B892C56A57200C83BB1;
			productRefGroup = CE6E4B932C56A57200C83BB1 /* Products */;
			projectDirPath = "";
			projectRoot = "";
			targets = (
				CE6E4B912C56A57200C83BB1 /* ChatMe */,
			);
		};
/* End PBXProject section */

/* Begin PBXResourcesBuildPhase section */
		CE6E4B902C56A57200C83BB1 /* Resources */ = {
			isa = PBXResourcesBuildPhase;
			buildActionMask = 2147483647;
			files = (
				CE6E4B9D2C56A57300C83BB1 /* Preview Assets.xcassets in Resources */,
				CE6E4B9A2C56A57300C83BB1 /* Assets.xcassets in Resources */,
			);
			runOnlyForDeploymentPostprocessing = 0;
		};
/* End PBXResourcesBuildPhase section */

/* Begin PBXSourcesBuildPhase section */
		CE6E4B8E2C56A57200C83BB1 /* Sources */ = {
			isa = PBXSourcesBuildPhase;
			buildActionMask = 2147483647;
			files = (
				CE6E4BAA2C56B45E00C83BB1 /* AuthViewModel.swift in Sources */,
				CE6E4BAC2C56BCD900C83BB1 /* AuthTextFieldViewModifier.swift in Sources */,
				CE6E4B982C56A57200C83BB1 /* ContentView.swift in Sources */,
				CE53D8252C56DBF300ED49EF /* AuthPasswordView.swift in Sources */,
				CE6E4B962C56A57200C83BB1 /* ChatMeApp.swift in Sources */,
				CE53D8292C56F74800ED49EF /* GrowingButtonStyle.swift in Sources */,
				CE6E4BA82C56AB8500C83BB1 /* BackgroundView.swift in Sources */,
				CE6E4BA62C56AB5C00C83BB1 /* AuthView.swift in Sources */,
				CE53D8212C56DBC500ED49EF /* AuthUserNameView.swift in Sources */,
			);
			runOnlyForDeploymentPostprocessing = 0;
		};
/* End PBXSourcesBuildPhase section */

/* Begin XCBuildConfiguration section */
		CE6E4B9E2C56A57300C83BB1 /* Debug */ = {
			isa = XCBuildConfiguration;
			buildSettings = {
				ALWAYS_SEARCH_USER_PATHS = NO;
				ASSETCATALOG_COMPILER_GENERATE_SWIFT_ASSET_SYMBOL_EXTENSIONS = YES;
				CLANG_ANALYZER_NONNULL = YES;
				CLANG_ANALYZER_NUMBER_OBJECT_CONVERSION = YES_AGGRESSIVE;
				CLANG_CXX_LANGUAGE_STANDARD = "gnu++20";
				CLANG_ENABLE_MODULES = YES;
				CLANG_ENABLE_OBJC_ARC = YES;
				CLANG_ENABLE_OBJC_WEAK = YES;
				CLANG_WARN_BLOCK_CAPTURE_AUTORELEASING = YES;
				CLANG_WARN_BOOL_CONVERSION = YES;
				CLANG_WARN_COMMA = YES;
				CLANG_WARN_CONSTANT_CONVERSION = YES;
				CLANG_WARN_DEPRECATED_OBJC_IMPLEMENTATIONS = YES;
				CLANG_WARN_DIRECT_OBJC_ISA_USAGE = YES_ERROR;
				CLANG_WARN_DOCUMENTATION_COMMENTS = YES;
				CLANG_WARN_EMPTY_BODY = YES;
				CLANG_WARN_ENUM_CONVERSION = YES;
				CLANG_WARN_INFINITE_RECURSION = YES;
				CLANG_WARN_INT_CONVERSION = YES;
				CLANG_WARN_NON_LITERAL_NULL_CONVERSION = YES;
				CLANG_WARN_OBJC_IMPLICIT_RETAIN_SELF = YES;
				CLANG_WARN_OBJC_LITERAL_CONVERSION = YES;
				CLANG_WARN_OBJC_ROOT_CLASS = YES_ERROR;
				CLANG_WARN_QUOTED_INCLUDE_IN_FRAMEWORK_HEADER = YES;
				CLANG_WARN_RANGE_LOOP_ANALYSIS = YES;
				CLANG_WARN_STRICT_PROTOTYPES = YES;
				CLANG_WARN_SUSPICIOUS_MOVE = YES;
				CLANG_WARN_UNGUARDED_AVAILABILITY = YES_AGGRESSIVE;
				CLANG_WARN_UNREACHABLE_CODE = YES;
				CLANG_WARN__DUPLICATE_METHOD_MATCH = YES;
				COPY_PHASE_STRIP = NO;
				DEBUG_INFORMATION_FORMAT = dwarf;
				ENABLE_STRICT_OBJC_MSGSEND = YES;
				ENABLE_TESTABILITY = YES;
				ENABLE_USER_SCRIPT_SANDBOXING = YES;
				GCC_C_LANGUAGE_STANDARD = gnu17;
				GCC_DYNAMIC_NO_PIC = NO;
				GCC_NO_COMMON_BLOCKS = YES;
				GCC_OPTIMIZATION_LEVEL = 0;
				GCC_PREPROCESSOR_DEFINITIONS = (
					"DEBUG=1",
					"$(inherited)",
				);
				GCC_WARN_64_TO_32_BIT_CONVERSION = YES;
				GCC_WARN_ABOUT_RETURN_TYPE = YES_ERROR;
				GCC_WARN_UNDECLARED_SELECTOR = YES;
				GCC_WARN_UNINITIALIZED_AUTOS = YES_AGGRESSIVE;
				GCC_WARN_UNUSED_FUNCTION = YES;
				GCC_WARN_UNUSED_VARIABLE = YES;
				IPHONEOS_DEPLOYMENT_TARGET = 17.5;
				LOCALIZATION_PREFERS_STRING_CATALOGS = YES;
				MTL_ENABLE_DEBUG_INFO = INCLUDE_SOURCE;
				MTL_FAST_MATH = YES;
				ONLY_ACTIVE_ARCH = YES;
				SDKROOT = iphoneos;
				SWIFT_ACTIVE_COMPILATION_CONDITIONS = "DEBUG $(inherited)";
				SWIFT_OPTIMIZATION_LEVEL = "-Onone";
			};
			name = Debug;
		};
		CE6E4B9F2C56A57300C83BB1 /* Release */ = {
			isa = XCBuildConfiguration;
			buildSettings = {
				ALWAYS_SEARCH_USER_PATHS = NO;
				ASSETCATALOG_COMPILER_GENERATE_SWIFT_ASSET_SYMBOL_EXTENSIONS = YES;
				CLANG_ANALYZER_NONNULL = YES;
				CLANG_ANALYZER_NUMBER_OBJECT_CONVERSION = YES_AGGRESSIVE;
				CLANG_CXX_LANGUAGE_STANDARD = "gnu++20";
				CLANG_ENABLE_MODULES = YES;
				CLANG_ENABLE_OBJC_ARC = YES;
				CLANG_ENABLE_OBJC_WEAK = YES;
				CLANG_WARN_BLOCK_CAPTURE_AUTORELEASING = YES;
				CLANG_WARN_BOOL_CONVERSION = YES;
				CLANG_WARN_COMMA = YES;
				CLANG_WARN_CONSTANT_CONVERSION = YES;
				CLANG_WARN_DEPRECATED_OBJC_IMPLEMENTATIONS = YES;
				CLANG_WARN_DIRECT_OBJC_ISA_USAGE = YES_ERROR;
				CLANG_WARN_DOCUMENTATION_COMMENTS = YES;
				CLANG_WARN_EMPTY_BODY = YES;
				CLANG_WARN_ENUM_CONVERSION = YES;
				CLANG_WARN_INFINITE_RECURSION = YES;
				CLANG_WARN_INT_CONVERSION = YES;
				CLANG_WARN_NON_LITERAL_NULL_CONVERSION = YES;
				CLANG_WARN_OBJC_IMPLICIT_RETAIN_SELF = YES;
				CLANG_WARN_OBJC_LITERAL_CONVERSION = YES;
				CLANG_WARN_OBJC_ROOT_CLASS = YES_ERROR;
				CLANG_WARN_QUOTED_INCLUDE_IN_FRAMEWORK_HEADER = YES;
				CLANG_WARN_RANGE_LOOP_ANALYSIS = YES;
				CLANG_WARN_STRICT_PROTOTYPES = YES;
				CLANG_WARN_SUSPICIOUS_MOVE = YES;
				CLANG_WARN_UNGUARDED_AVAILABILITY = YES_AGGRESSIVE;
				CLANG_WARN_UNREACHABLE_CODE = YES;
				CLANG_WARN__DUPLICATE_METHOD_MATCH = YES;
				COPY_PHASE_STRIP = NO;
				DEBUG_INFORMATION_FORMAT = "dwarf-with-dsym";
				ENABLE_NS_ASSERTIONS = NO;
				ENABLE_STRICT_OBJC_MSGSEND = YES;
				ENABLE_USER_SCRIPT_SANDBOXING = YES;
				GCC_C_LANGUAGE_STANDARD = gnu17;
				GCC_NO_COMMON_BLOCKS = YES;
				GCC_WARN_64_TO_32_BIT_CONVERSION = YES;
				GCC_WARN_ABOUT_RETURN_TYPE = YES_ERROR;
				GCC_WARN_UNDECLARED_SELECTOR = YES;
				GCC_WARN_UNINITIALIZED_AUTOS = YES_AGGRESSIVE;
				GCC_WARN_UNUSED_FUNCTION = YES;
				GCC_WARN_UNUSED_VARIABLE = YES;
				IPHONEOS_DEPLOYMENT_TARGET = 17.5;
				LOCALIZATION_PREFERS_STRING_CATALOGS = YES;
				MTL_ENABLE_DEBUG_INFO = NO;
				MTL_FAST_MATH = YES;
				SDKROOT = iphoneos;
				SWIFT_COMPILATION_MODE = wholemodule;
				VALIDATE_PRODUCT = YES;
			};
			name = Release;
		};
		CE6E4BA12C56A57300C83BB1 /* Debug */ = {
			isa = XCBuildConfiguration;
			buildSettings = {
				ASSETCATALOG_COMPILER_APPICON_NAME = AppIcon;
				ASSETCATALOG_COMPILER_GLOBAL_ACCENT_COLOR_NAME = AccentColor;
				CODE_SIGN_STYLE = Automatic;
				CURRENT_PROJECT_VERSION = 1;
				DEVELOPMENT_ASSET_PATHS = "\"ChatMe/Preview Content\"";
				DEVELOPMENT_TEAM = 959584M69M;
				ENABLE_PREVIEWS = YES;
				GENERATE_INFOPLIST_FILE = YES;
				INFOPLIST_KEY_UIApplicationSceneManifest_Generation = YES;
				INFOPLIST_KEY_UIApplicationSupportsIndirectInputEvents = YES;
				INFOPLIST_KEY_UILaunchScreen_Generation = YES;
				INFOPLIST_KEY_UISupportedInterfaceOrientations_iPad = "UIInterfaceOrientationPortrait UIInterfaceOrientationPortraitUpsideDown UIInterfaceOrientationLandscapeLeft UIInterfaceOrientationLandscapeRight";
				INFOPLIST_KEY_UISupportedInterfaceOrientations_iPhone = "UIInterfaceOrientationPortrait UIInterfaceOrientationLandscapeLeft UIInterfaceOrientationLandscapeRight";
				LD_RUNPATH_SEARCH_PATHS = (
					"$(inherited)",
					"@executable_path/Frameworks",
				);
				MARKETING_VERSION = 1.0;
				PRODUCT_BUNDLE_IDENTIFIER = ivanmagda.ChatMe;
				PRODUCT_NAME = "$(TARGET_NAME)";
				SWIFT_EMIT_LOC_STRINGS = YES;
				SWIFT_VERSION = 5.0;
				TARGETED_DEVICE_FAMILY = "1,2";
			};
			name = Debug;
		};
		CE6E4BA22C56A57300C83BB1 /* Release */ = {
			isa = XCBuildConfiguration;
			buildSettings = {
				ASSETCATALOG_COMPILER_APPICON_NAME = AppIcon;
				ASSETCATALOG_COMPILER_GLOBAL_ACCENT_COLOR_NAME = AccentColor;
				CODE_SIGN_STYLE = Automatic;
				CURRENT_PROJECT_VERSION = 1;
				DEVELOPMENT_ASSET_PATHS = "\"ChatMe/Preview Content\"";
				DEVELOPMENT_TEAM = 959584M69M;
				ENABLE_PREVIEWS = YES;
				GENERATE_INFOPLIST_FILE = YES;
				INFOPLIST_KEY_UIApplicationSceneManifest_Generation = YES;
				INFOPLIST_KEY_UIApplicationSupportsIndirectInputEvents = YES;
				INFOPLIST_KEY_UILaunchScreen_Generation = YES;
				INFOPLIST_KEY_UISupportedInterfaceOrientations_iPad = "UIInterfaceOrientationPortrait UIInterfaceOrientationPortraitUpsideDown UIInterfaceOrientationLandscapeLeft UIInterfaceOrientationLandscapeRight";
				INFOPLIST_KEY_UISupportedInterfaceOrientations_iPhone = "UIInterfaceOrientationPortrait UIInterfaceOrientationLandscapeLeft UIInterfaceOrientationLandscapeRight";
				LD_RUNPATH_SEARCH_PATHS = (
					"$(inherited)",
					"@executable_path/Frameworks",
				);
				MARKETING_VERSION = 1.0;
				PRODUCT_BUNDLE_IDENTIFIER = ivanmagda.ChatMe;
				PRODUCT_NAME = "$(TARGET_NAME)";
				SWIFT_EMIT_LOC_STRINGS = YES;
				SWIFT_VERSION = 5.0;
				TARGETED_DEVICE_FAMILY = "1,2";
			};
			name = Release;
		};
/* End XCBuildConfiguration section */

/* Begin XCConfigurationList section */
		CE6E4B8D2C56A57200C83BB1 /* Build configuration list for PBXProject "ChatMe" */ = {
			isa = XCConfigurationList;
			buildConfigurations = (
				CE6E4B9E2C56A57300C83BB1 /* Debug */,
				CE6E4B9F2C56A57300C83BB1 /* Release */,
			);
			defaultConfigurationIsVisible = 0;
			defaultConfigurationName = Release;
		};
		CE6E4BA02C56A57300C83BB1 /* Build configuration list for PBXNativeTarget "ChatMe" */ = {
			isa = XCConfigurationList;
			buildConfigurations = (
				CE6E4BA12C56A57300C83BB1 /* Debug */,
				CE6E4BA22C56A57300C83BB1 /* Release */,
			);
			defaultConfigurationIsVisible = 0;
			defaultConfigurationName = Release;
		};
/* End XCConfigurationList section */
	};
	rootObject = CE6E4B8A2C56A57200C83BB1 /* Project object */;
}
